
Microsoft Visual Studio Solution File, Format Version 12.00
# Visual Studio 2012
Project("{FAE04EC0-301F-11D3-BF4B-00C04F79EFBC}") = "PairClashViewpoints", "PairClashViewpoints\PairClashViewpoints.csproj", "{13A01D69-F888-4E67-9A4F-42589F0B09CA}"
EndProject
Global
	GlobalSection(SolutionConfigurationPlatforms) = preSolution
		Debug|Any CPU = Debug|Any CPU
		Debug|x64 = Debug|x64
		Release|Any CPU = Release|Any CPU
		Release|x64 = Release|x64
	EndGlobalSection
	GlobalSection(ProjectConfigurationPlatforms) = postSolution
		{13A01D69-F888-4E67-9A4F-42589F0B09CA}.Debug|Any CPU.ActiveCfg = Debug|Any CPU
		{13A01D69-F888-4E67-9A4F-42589F0B09CA}.Debug|Any CPU.Build.0 = Debug|Any CPU
		{13A01D69-F888-4E67-9A4F-42589F0B09CA}.Debug|x64.ActiveCfg = Debug|x64
		{13A01D69-F888-4E67-9A4F-42589F0B09CA}.Debug|x64.Build.0 = Debug|x64
		{13A01D69-F888-4E67-9A4F-42589F0B09CA}.Release|Any CPU.ActiveCfg = Release|Any CPU
		{13A01D69-F888-4E67-9A4F-42589F0B09CA}.Release|Any CPU.Build.0 = Release|Any CPU
		{13A01D69-F888-4E67-9A4F-42589F0B09CA}.Release|x64.ActiveCfg = Release|x64
		{13A01D69-F888-4E67-9A4F-42589F0B09CA}.Release|x64.Build.0 = Release|x64
	EndGlobalSection
	GlobalSection(SolutionProperties) = preSolution
		HideSolutionNode = FALSE
	EndGlobalSection
EndGlobal
